# THIS IS AN AUTOGENERATED FILE. DO NOT EDIT THIS FILE DIRECTLY.
# yarn lockfile v1


"@esbuild/win32-x64@0.21.5":
  version "0.21.5"
  resolved "https://registry.npmjs.org/@esbuild/win32-x64/-/win32-x64-0.21.5.tgz"
  integrity sha512-tQd/1efJuzPC6rCFwEvLtci/xNFcTZknmXs98FYDfGE4wP9ClFV98nyKrzJKVPMhdDnjzLhdUyMX4PsQAPjwIw==

"@rollup/pluginutils@^5.1.0":
  version "5.1.2"
  resolved "https://registry.npmjs.org/@rollup/pluginutils/-/pluginutils-5.1.2.tgz"
  integrity sha512-/FIdS3PyZ39bjZlwqFnWqCOVnW7o963LtKMwQOD0NhQqw22gSr2YY1afu3FxRip4ZCZNsD5jq6Aaz6QV3D/Njw==
  dependencies:
    "@types/estree" "^1.0.0"
    estree-walker "^2.0.2"
    picomatch "^2.3.1"

"@rollup/rollup-win32-x64-msvc@4.24.0":
  version "4.24.0"
  resolved "https://registry.npmjs.org/@rollup/rollup-win32-x64-msvc/-/rollup-win32-x64-msvc-4.24.0.tgz"
  integrity sha512-fbMkAF7fufku0N2dE5TBXcNlg0pt0cJue4xBRE2Qc5Vqikxr4VCgKj/ht6SMdFcOacVA9rqF70APJ8RN/4vMJw==

"@three.ez/instanced-mesh@^0.3.0-alpha.10":
  version "0.3.0-alpha.10"
  resolved "https://registry.npmjs.org/@three.ez/instanced-mesh/-/instanced-mesh-0.3.0-alpha.10.tgz"
  integrity sha512-eEcv03uWTXVm8E/uDvnMCH/hPU5To5nZhYdahJt5axEpdet/0eUbsdXpLXNYrxSpX3WgXTTQr88fvv9kTTTJKA==
  dependencies:
    bvh.js "^0.0.13"

"@types/estree@^1.0.0", "@types/estree@1.0.6":
  version "1.0.6"
  resolved "https://registry.npmjs.org/@types/estree/-/estree-1.0.6.tgz"
  integrity sha512-AYnb1nQyY49te+VRAVgmzfcgjYS91mY5P0TKUDCLEM+gNnA+3T6rWITXRLYCpahpqSQbN5cE+gHpnPyXjHWxcw==

bvh.js@^0.0.13:
  version "0.0.13"
  resolved "https://registry.npmjs.org/bvh.js/-/bvh.js-0.0.13.tgz"
  integrity sha512-7jVxKGyyATOwEoqFvghXoStJXkkmqf7JIXYEG44eMtMXQoeCwZL2n1z5/kZogFKvCaN7XweS2TKnqdyDrd0DJA==

camera-controls@^2.8.3:
  version "2.9.0"
  resolved "https://registry.npmjs.org/camera-controls/-/camera-controls-2.9.0.tgz"
  integrity sha512-TpCujnP0vqPppTXXJRYpvIy0xq9Tro6jQf2iYUxlDpPCNxkvE/XGaTuwIxnhINOkVP/ob2CRYXtY3iVYXeMEzA==

core-util-is@~1.0.0:
  version "1.0.3"
  resolved "https://registry.npmjs.org/core-util-is/-/core-util-is-1.0.3.tgz"
  integrity sha512-ZQBvi1DcpJ4GDqanjucZ2Hj3wEO5pZDS89BWbkcrvdxksJorwUDDZamX9ldFkp9aw2lmBDLgkObEA4DWNJ9FYQ==

esbuild@^0.21.3:
  version "0.21.5"
  resolved "https://registry.npmjs.org/esbuild/-/esbuild-0.21.5.tgz"
  integrity sha512-mg3OPMV4hXywwpoDxu3Qda5xCKQi+vCTZq8S9J/EpkhB2HzKXq4SNFZE3+NK93JYxc8VMSep+lOUSC/RVKaBqw==
  optionalDependencies:
    "@esbuild/aix-ppc64" "0.21.5"
    "@esbuild/android-arm" "0.21.5"
    "@esbuild/android-arm64" "0.21.5"
    "@esbuild/android-x64" "0.21.5"
    "@esbuild/darwin-arm64" "0.21.5"
    "@esbuild/darwin-x64" "0.21.5"
    "@esbuild/freebsd-arm64" "0.21.5"
    "@esbuild/freebsd-x64" "0.21.5"
    "@esbuild/linux-arm" "0.21.5"
    "@esbuild/linux-arm64" "0.21.5"
    "@esbuild/linux-ia32" "0.21.5"
    "@esbuild/linux-loong64" "0.21.5"
    "@esbuild/linux-mips64el" "0.21.5"
    "@esbuild/linux-ppc64" "0.21.5"
    "@esbuild/linux-riscv64" "0.21.5"
    "@esbuild/linux-s390x" "0.21.5"
    "@esbuild/linux-x64" "0.21.5"
    "@esbuild/netbsd-x64" "0.21.5"
    "@esbuild/openbsd-x64" "0.21.5"
    "@esbuild/sunos-x64" "0.21.5"
    "@esbuild/win32-arm64" "0.21.5"
    "@esbuild/win32-ia32" "0.21.5"
    "@esbuild/win32-x64" "0.21.5"

estree-walker@^2.0.2:
  version "2.0.2"
  resolved "https://registry.npmjs.org/estree-walker/-/estree-walker-2.0.2.tgz"
  integrity sha512-Rfkk/Mp/DL7JVje3u18FxFujQlTNR2q6QfMSMB7AvCBx91NGj/ba3kCfza0f6dVDbw7YlRf/nDrn7pQrCCyQ/w==

glsl-token-functions@^1.0.1:
  version "1.0.1"
  resolved "https://registry.npmjs.org/glsl-token-functions/-/glsl-token-functions-1.0.1.tgz"
  integrity sha512-EigGhp1g+aUVeUNY7H1o5tL/bnwIB3/FcRREPr2E7Du+/UDXN24hDkaZ3e4aWHDjHr9lJ6YHXMISkwhUYg9UOg==

glsl-token-string@^1.0.1:
  version "1.0.1"
  resolved "https://registry.npmjs.org/glsl-token-string/-/glsl-token-string-1.0.1.tgz"
  integrity sha512-1mtQ47Uxd47wrovl+T6RshKGkRRCYWhnELmkEcUAPALWGTFe2XZpH3r45XAwL2B6v+l0KNsCnoaZCSnhzKEksg==

glsl-tokenizer@^2.1.5:
  version "2.1.5"
  resolved "https://registry.npmjs.org/glsl-tokenizer/-/glsl-tokenizer-2.1.5.tgz"
  integrity sha512-XSZEJ/i4dmz3Pmbnpsy3cKh7cotvFlBiZnDOwnj/05EwNp2XrhQ4XKJxT7/pDt4kp4YcpRSKz8eTV7S+mwV6MA==
  dependencies:
    through2 "^0.6.3"

gsap@^3.12.5:
  version "3.12.5"
  resolved "https://registry.npmjs.org/gsap/-/gsap-3.12.5.tgz"
  integrity sha512-srBfnk4n+Oe/ZnMIOXt3gT605BX9x5+rh/prT2F1SsNJsU1XuMiP0E2aptW481OnonOGACZWBqseH5Z7csHxhQ==

inherits@~2.0.1:
  version "2.0.4"
  resolved "https://registry.npmjs.org/inherits/-/inherits-2.0.4.tgz"
  integrity sha512-k/vGaX4/Yla3WzyMCvTQOXYeIHvqOKtnqBduzTHpzpQZzAskKMhZ2K+EnBiSM9zGSoIFeMpXKxa4dYeZIQqewQ==

inherits@2.0.3:
  version "2.0.3"
  resolved "https://registry.npmjs.org/inherits/-/inherits-2.0.3.tgz"
  integrity sha512-x00IRNXNy63jwGkJmzPigoySHbaqpNuzKbBOmzK+g2OdZpQ9w+sxCN+VSB3ja7IAge2OP2qpfxTjeNcyjmW1uw==

isarray@0.0.1:
  version "0.0.1"
  resolved "https://registry.npmjs.org/isarray/-/isarray-0.0.1.tgz"
  integrity sha512-D2S+3GLxWH+uhrNEcoh/fnmYeP8E8/zHl644d/jdA0g2uyXvy3sb0qxotE+ne0LtccHknQzWwZEzhak7oJ0COQ==

lil-gui@^0.19.2:
  version "0.19.2"
  resolved "https://registry.npmjs.org/lil-gui/-/lil-gui-0.19.2.tgz"
  integrity sha512-nU8j4ND702ouGfQZoaTN4dfXxacvGOAVK0DtmZBVcUYUAeYQXLQAjAN50igMHiba3T5jZyKEjXZU+Ntm1Qs6ZQ==

n8ao@^1.9.3:
  version "1.9.3"
  resolved "https://registry.npmjs.org/n8ao/-/n8ao-1.9.3.tgz"
  integrity sha512-OZX+u8LaEfxLi6lupuyT8gIv80D6D8FIeKbBNkCyY0nE+1wmm6sQ4yeyW3a15lFMrfTcEhe0AU8QhhDejHg7sg==

nanoid@^3.3.7:
  version "3.3.7"
  resolved "https://registry.npmjs.org/nanoid/-/nanoid-3.3.7.tgz"
  integrity sha512-eSRppjcPIatRIMC1U6UngP8XFcz8MQWGQdt1MTBQ7NaAmvXDfvNxbvWV3x2y6CdEUciCSsDHDQZbhYaB8QEo2g==

object-hash@^3.0.0:
  version "3.0.0"
  resolved "https://registry.npmjs.org/object-hash/-/object-hash-3.0.0.tgz"
  integrity sha512-RSn9F68PjH9HqtltsSnqYC1XXoWe9Bju5+213R98cNGttag9q9yAOTzdbsqvIa7aNm5WffBZFpWYr2aWrklWAw==

path@^0.12.7:
  version "0.12.7"
  resolved "https://registry.npmjs.org/path/-/path-0.12.7.tgz"
  integrity sha512-aXXC6s+1w7otVF9UletFkFcDsJeO7lSZBPUQhtb5O0xJe8LtYhj/GxldoL09bBj9+ZmE2hNoHqQSFMN5fikh4Q==
  dependencies:
    process "^0.11.1"
    util "^0.10.3"

picocolors@^1.1.0:
  version "1.1.0"
  resolved "https://registry.npmjs.org/picocolors/-/picocolors-1.1.0.tgz"
  integrity sha512-TQ92mBOW0l3LeMeyLV6mzy/kWr8lkd/hp3mTg7wYK7zJhuBStmGMBG0BdeDZS/dZx1IukaX6Bk11zcln25o1Aw==

picomatch@^2.3.1:
  version "2.3.1"
  resolved "https://registry.npmjs.org/picomatch/-/picomatch-2.3.1.tgz"
  integrity sha512-JU3teHTNjmE2VCGFzuY8EXzCDVwEqB2a8fsIvwaStHhAWJEeVd1o1QD80CU6+ZdEXXSLbSsuLwJjkCBWqRQUVA==

postcss@^8.4.43:
  version "8.4.47"
  resolved "https://registry.npmjs.org/postcss/-/postcss-8.4.47.tgz"
  integrity sha512-56rxCq7G/XfB4EkXq9Egn5GCqugWvDFjafDOThIdMBsI15iqPqR5r15TfSr1YPYeEI19YeaXMCbY6u88Y76GLQ==
  dependencies:
    nanoid "^3.3.7"
    picocolors "^1.1.0"
    source-map-js "^1.2.1"

postprocessing@>=6.30.0:
  version "6.36.4"
  resolved "https://registry.npmjs.org/postprocessing/-/postprocessing-6.36.4.tgz"
  integrity sha512-3fAyBGuLNR7Rg/q+f2SNlsVCI5mDrymvxhOif3tPKEej8M38z4TvwzNZm+RNpRY2tACE7qQUNE5IHyMcqgvlAg==

process@^0.11.1:
  version "0.11.10"
  resolved "https://registry.npmjs.org/process/-/process-0.11.10.tgz"
  integrity sha512-cdGef/drWFoydD1JsMzuFf8100nZl+GT+yacc2bEced5f9Rjk4z+WtFUTBu9PhOi9j/jfmBPu0mMEY4wIdAF8A==

"readable-stream@>=1.0.33-1 <1.1.0-0":
  version "1.0.34"
  resolved "https://registry.npmjs.org/readable-stream/-/readable-stream-1.0.34.tgz"
  integrity sha512-ok1qVCJuRkNmvebYikljxJA/UEsKwLl2nI1OmaqAu4/UE+h0wKCHok4XkL/gvi39OacXvw59RJUOFUkDib2rHg==
  dependencies:
    core-util-is "~1.0.0"
    inherits "~2.0.1"
    isarray "0.0.1"
    string_decoder "~0.10.x"

rollup@^1.20.0||^2.0.0||^3.0.0||^4.0.0, rollup@^4.20.0:
  version "4.24.0"
  resolved "https://registry.npmjs.org/rollup/-/rollup-4.24.0.tgz"
  integrity sha512-DOmrlGSXNk1DM0ljiQA+i+o0rSLhtii1je5wgk60j49d1jHT5YYttBv1iWOnYSTG+fZZESUOSNiAl89SIet+Cg==
  dependencies:
    "@types/estree" "1.0.6"
  optionalDependencies:
    "@rollup/rollup-android-arm-eabi" "4.24.0"
    "@rollup/rollup-android-arm64" "4.24.0"
    "@rollup/rollup-darwin-arm64" "4.24.0"
    "@rollup/rollup-darwin-x64" "4.24.0"
    "@rollup/rollup-linux-arm-gnueabihf" "4.24.0"
    "@rollup/rollup-linux-arm-musleabihf" "4.24.0"
    "@rollup/rollup-linux-arm64-gnu" "4.24.0"
    "@rollup/rollup-linux-arm64-musl" "4.24.0"
    "@rollup/rollup-linux-powerpc64le-gnu" "4.24.0"
    "@rollup/rollup-linux-riscv64-gnu" "4.24.0"
    "@rollup/rollup-linux-s390x-gnu" "4.24.0"
    "@rollup/rollup-linux-x64-gnu" "4.24.0"
    "@rollup/rollup-linux-x64-musl" "4.24.0"
    "@rollup/rollup-win32-arm64-msvc" "4.24.0"
    "@rollup/rollup-win32-ia32-msvc" "4.24.0"
    "@rollup/rollup-win32-x64-msvc" "4.24.0"
    fsevents "~2.3.2"

source-map-js@^1.2.1:
  version "1.2.1"
  resolved "https://registry.npmjs.org/source-map-js/-/source-map-js-1.2.1.tgz"
  integrity sha512-UXWMKhLOwVKb728IUtQPXxfYU+usdybtUrK/8uGE8CQMvrhOpwvzDBwj0QhSL7MQc7vIsISBG8VQ8+IDQxpfQA==

stats-js@^1.0.1:
  version "1.0.1"
  resolved "https://registry.npmjs.org/stats-js/-/stats-js-1.0.1.tgz"
  integrity sha512-EAwEFghGNv8mlYC4CZzI5kWghsnP8uBKXw6VLRHtXkOk5xySfUKLTqTkjgJFfDluIkf/O7eZwi5MXP50VeTbUg==

string_decoder@~0.10.x:
  version "0.10.31"
  resolved "https://registry.npmjs.org/string_decoder/-/string_decoder-0.10.31.tgz"
  integrity sha512-ev2QzSzWPYmy9GuqfIVildA4OdcGLeFZQrq5ys6RtiuF+RQQiZWr8TZNyAcuVXyQRYfEO+MsoB/1BuQVhOJuoQ==

three-custom-shader-material@^5.4.0:
  version "5.4.0"
  resolved "https://registry.npmjs.org/three-custom-shader-material/-/three-custom-shader-material-5.4.0.tgz"
  integrity sha512-Yn1lFlKOk3Vul3npEGAmbbFUZ5S2+yjPgM2XqJEZEYRSUUH2vk+WVYrtTB6Bcq15wa7hLUXAKoctAvbRmBmbYA==
  dependencies:
    glsl-token-functions "^1.0.1"
    glsl-token-string "^1.0.1"
    glsl-tokenizer "^2.1.5"
    object-hash "^3.0.0"

three-outlinepass@^1.2.0:
  version "1.2.0"
  resolved "https://registry.npmjs.org/three-outlinepass/-/three-outlinepass-1.2.0.tgz"
  integrity sha512-xCEmmf4IZsixXi5Hl14qULk2D9CMEbPg6ZjGBWr5oAk+6K3ZILBNRKXEEcOcdPvZgRtHz/fw1MUFgxbwPAnVQA==

three@^0.164.1, "three@>= 0.157.0 < 0.171.0", three@>=0.126.1, three@>=0.137, three@>=0.154, three@>=0.159.0:
  version "0.164.1"
  resolved "https://registry.npmjs.org/three/-/three-0.164.1.tgz"
  integrity sha512-iC/hUBbl1vzFny7f5GtqzVXYjMJKaTPxiCxXfrvVdBi1Sf+jhd1CAkitiFwC7mIBFCo3MrDLJG97yisoaWig0w==

through2@^0.6.3:
  version "0.6.5"
  resolved "https://registry.npmjs.org/through2/-/through2-0.6.5.tgz"
  integrity sha512-RkK/CCESdTKQZHdmKICijdKKsCRVHs5KsLZ6pACAmF/1GPUQhonHSXWNERctxEp7RmvjdNbZTL5z9V7nSCXKcg==
  dependencies:
    readable-stream ">=1.0.33-1 <1.1.0-0"
    xtend ">=4.0.0 <4.1.0-0"

tweakpane@^4.0.4:
  version "4.0.4"
  resolved "https://registry.npmjs.org/tweakpane/-/tweakpane-4.0.4.tgz"
  integrity sha512-RkWD54zDlEbnN01wQPk0ANHGbdCvlJx/E8A1QxhTfCbX+ROWos1Ws2MnhOm39aUGMOh+36TjUwpDmLfmwTr1Fg==

util@^0.10.3:
  version "0.10.4"
  resolved "https://registry.npmjs.org/util/-/util-0.10.4.tgz"
  integrity sha512-0Pm9hTQ3se5ll1XihRic3FDIku70C+iHUdT/W926rSgHV5QgXsYbKZN8MSC3tJtSkhuROzvsQjAaFENRXr+19A==
  dependencies:
    inherits "2.0.3"

vite-plugin-glsl@^1.3.0:
  version "1.3.0"
  resolved "https://registry.npmjs.org/vite-plugin-glsl/-/vite-plugin-glsl-1.3.0.tgz"
  integrity sha512-SzEoLet9Bp5VSozjrhUiSc3xX1+u7rCTjXAsq4qWM3u8UjilI76A9ucX/T+CRGQCe25j50GSY+9mKSGUVPET1w==
  dependencies:
    "@rollup/pluginutils" "^5.1.0"

"vite@^3.0.0 || ^4.0.0 || ^5.0.0", vite@^5.2.11:
  version "5.4.8"
  resolved "https://registry.npmjs.org/vite/-/vite-5.4.8.tgz"
  integrity sha512-FqrItQ4DT1NC4zCUqMB4c4AZORMKIa0m8/URVCZ77OZ/QSNeJ54bU1vrFADbDsuwfIPcgknRkmqakQcgnL4GiQ==
  dependencies:
    esbuild "^0.21.3"
    postcss "^8.4.43"
    rollup "^4.20.0"
  optionalDependencies:
    fsevents "~2.3.3"

"xtend@>=4.0.0 <4.1.0-0":
  version "4.0.2"
  resolved "https://registry.npmjs.org/xtend/-/xtend-4.0.2.tgz"
  integrity sha512-LKYU1iAXJXUgAXn9URjiu+MWhyUXHsvfp7mcuYm9dSUKK0/CjtrUwFAxD82/mCWbtLsGjFIad0wIsod4zrTAEQ==
